
Microsoft Visual Studio Solution File, Format Version 12.00
# Visual Studio Version 17
VisualStudioVersion = 17.6.33815.320
MinimumVisualStudioVersion = 10.0.40219.1
Project("{9A19103F-16F7-4668-BE54-9A1E7A4F7556}") = "EntityCommerce", "EntityCommerce\EntityCommerce.csproj", "{36340346-7602-4A8A-8870-B6596110BD48}"
EndProject
Project("{9A19103F-16F7-4668-BE54-9A1E7A4F7556}") = "DataAccess.Commerce", "DataAccess.Commerce\DataAccess.Commerce.csproj", "{C2FC0440-5047-43B7-AF74-71C2CE759FFC}"
EndProject
Project("{9A19103F-16F7-4668-BE54-9A1E7A4F7556}") = "Business.Commerce", "Business.Commerce\Business.Commerce.csproj", "{A1D239DC-5900-479A-A62E-59099A9297B9}"
EndProject
Project("{9A19103F-16F7-4668-BE54-9A1E7A4F7556}") = "Api.E-Commerce", "Api.E-Commerce\Api.E-Commerce.csproj", "{733D1298-F70B-46EB-AF9B-DB4AF1125F0A}"
EndProject
Project("{9A19103F-16F7-4668-BE54-9A1E7A4F7556}") = "Shared.Commerce", "Shared.Commerce\Shared.Commerce.csproj", "{29DEFBDC-0B8D-4861-B721-B9EACFB61E0A}"
EndProject
Project("{FAE04EC0-301F-11D3-BF4B-00C04F79EFBC}") = "DataTransferObject", "DataTransferObject\DataTransferObject.csproj", "{84BDFDF5-6249-4F37-B910-A94A9D57EF8C}"
EndProject
Global
	GlobalSection(SolutionConfigurationPlatforms) = preSolution
		Debug|Any CPU = Debug|Any CPU
		Release|Any CPU = Release|Any CPU
	EndGlobalSection
	GlobalSection(ProjectConfigurationPlatforms) = postSolution
		{36340346-7602-4A8A-8870-B6596110BD48}.Debug|Any CPU.ActiveCfg = Debug|Any CPU
		{36340346-7602-4A8A-8870-B6596110BD48}.Debug|Any CPU.Build.0 = Debug|Any CPU
		{36340346-7602-4A8A-8870-B6596110BD48}.Release|Any CPU.ActiveCfg = Release|Any CPU
		{36340346-7602-4A8A-8870-B6596110BD48}.Release|Any CPU.Build.0 = Release|Any CPU
		{C2FC0440-5047-43B7-AF74-71C2CE759FFC}.Debug|Any CPU.ActiveCfg = Debug|Any CPU
		{C2FC0440-5047-43B7-AF74-71C2CE759FFC}.Debug|Any CPU.Build.0 = Debug|Any CPU
		{C2FC0440-5047-43B7-AF74-71C2CE759FFC}.Release|Any CPU.ActiveCfg = Release|Any CPU
		{C2FC0440-5047-43B7-AF74-71C2CE759FFC}.Release|Any CPU.Build.0 = Release|Any CPU
		{A1D239DC-5900-479A-A62E-59099A9297B9}.Debug|Any CPU.ActiveCfg = Debug|Any CPU
		{A1D239DC-5900-479A-A62E-59099A9297B9}.Debug|Any CPU.Build.0 = Debug|Any CPU
		{A1D239DC-5900-479A-A62E-59099A9297B9}.Release|Any CPU.ActiveCfg = Release|Any CPU
		{A1D239DC-5900-479A-A62E-59099A9297B9}.Release|Any CPU.Build.0 = Release|Any CPU
		{733D1298-F70B-46EB-AF9B-DB4AF1125F0A}.Debug|Any CPU.ActiveCfg = Debug|Any CPU
		{733D1298-F70B-46EB-AF9B-DB4AF1125F0A}.Debug|Any CPU.Build.0 = Debug|Any CPU
		{733D1298-F70B-46EB-AF9B-DB4AF1125F0A}.Release|Any CPU.ActiveCfg = Release|Any CPU
		{733D1298-F70B-46EB-AF9B-DB4AF1125F0A}.Release|Any CPU.Build.0 = Release|Any CPU
		{29DEFBDC-0B8D-4861-B721-B9EACFB61E0A}.Debug|Any CPU.ActiveCfg = Debug|Any CPU
		{29DEFBDC-0B8D-4861-B721-B9EACFB61E0A}.Debug|Any CPU.Build.0 = Debug|Any CPU
		{29DEFBDC-0B8D-4861-B721-B9EACFB61E0A}.Release|Any CPU.ActiveCfg = Release|Any CPU
		{29DEFBDC-0B8D-4861-B721-B9EACFB61E0A}.Release|Any CPU.Build.0 = Release|Any CPU
		{84BDFDF5-6249-4F37-B910-A94A9D57EF8C}.Debug|Any CPU.ActiveCfg = Debug|Any CPU
		{84BDFDF5-6249-4F37-B910-A94A9D57EF8C}.Debug|Any CPU.Build.0 = Debug|Any CPU
		{84BDFDF5-6249-4F37-B910-A94A9D57EF8C}.Release|Any CPU.ActiveCfg = Release|Any CPU
		{84BDFDF5-6249-4F37-B910-A94A9D57EF8C}.Release|Any CPU.Build.0 = Release|Any CPU
	EndGlobalSection
	GlobalSection(SolutionProperties) = preSolution
		HideSolutionNode = FALSE
	EndGlobalSection
	GlobalSection(ExtensibilityGlobals) = postSolution
		SolutionGuid = {6C1D6D2C-5D40-4192-9676-C55BE02B7275}
	EndGlobalSection
EndGlobal
